// !$*UTF8*$!
{
	archiveVersion = 1;
	classes = {
	};
	objectVersion = 56;
	objects = {

/* Begin PBXBuildFile section */
		525878032C0E5B530056910A /* AppDelegate.swift in Sources */ = {isa = PBXBuildFile; fileRef = 525878022C0E5B530056910A /* AppDelegate.swift */; };
		525878052C0E5B530056910A /* SceneDelegate.swift in Sources */ = {isa = PBXBuildFile; fileRef = 525878042C0E5B530056910A /* SceneDelegate.swift */; };
		525878072C0E5B530056910A /* ViewController.swift in Sources */ = {isa = PBXBuildFile; fileRef = 525878062C0E5B530056910A /* ViewController.swift */; };
		5258780A2C0E5B530056910A /* Base in Resources */ = {isa = PBXBuildFile; fileRef = 525878092C0E5B530056910A /* Base */; };
		5258780C2C0E5B550056910A /* Assets.xcassets in Resources */ = {isa = PBXBuildFile; fileRef = 5258780B2C0E5B550056910A /* Assets.xcassets */; };
		5258780F2C0E5B550056910A /* Base in Resources */ = {isa = PBXBuildFile; fileRef = 5258780E2C0E5B550056910A /* Base */; };
		526774CC2C0FB28100541705 /* CreateAppkeyResponse.swift in Sources */ = {isa = PBXBuildFile; fileRef = 526774CB2C0FB28100541705 /* CreateAppkeyResponse.swift */; };
		526774CE2C0FB2ED00541705 /* CreateOauthkeyResponse.swift in Sources */ = {isa = PBXBuildFile; fileRef = 526774CD2C0FB2ED00541705 /* CreateOauthkeyResponse.swift */; };
		526774D12C0FB31700541705 /* CreateSesskeyResponse.swift in Sources */ = {isa = PBXBuildFile; fileRef = 526774D02C0FB31700541705 /* CreateSesskeyResponse.swift */; };
		526774D32C0FB32800541705 /* GetAllBooksResponse.swift in Sources */ = {isa = PBXBuildFile; fileRef = 526774D22C0FB32800541705 /* GetAllBooksResponse.swift */; };
		526774D52C0FB33600541705 /* Book.swift in Sources */ = {isa = PBXBuildFile; fileRef = 526774D42C0FB33600541705 /* Book.swift */; };
		526774D72C0FB3A000541705 /* ApiService.swift in Sources */ = {isa = PBXBuildFile; fileRef = 526774D62C0FB3A000541705 /* ApiService.swift */; };
		526774D92C0FC37700541705 /* APIManager.swift in Sources */ = {isa = PBXBuildFile; fileRef = 526774D82C0FC37700541705 /* APIManager.swift */; };
		526774DC2C0FC4CB00541705 /* UIViewController+Alerts.swift in Sources */ = {isa = PBXBuildFile; fileRef = 526774DB2C0FC4CB00541705 /* UIViewController+Alerts.swift */; };
/* End PBXBuildFile section */

/* Begin PBXFileReference section */
		525877FF2C0E5B530056910A /* TimeTonicTestAPI.app */ = {isa = PBXFileReference; explicitFileType = wrapper.application; includeInIndex = 0; path = TimeTonicTestAPI.app; sourceTree = BUILT_PRODUCTS_DIR; };
		525878022C0E5B530056910A /* AppDelegate.swift */ = {isa = PBXFileReference; lastKnownFileType = sourcecode.swift; path = AppDelegate.swift; sourceTree = "<group>"; };
		525878042C0E5B530056910A /* SceneDelegate.swift */ = {isa = PBXFileReference; lastKnownFileType = sourcecode.swift; path = SceneDelegate.swift; sourceTree = "<group>"; };
		525878062C0E5B530056910A /* ViewController.swift */ = {isa = PBXFileReference; lastKnownFileType = sourcecode.swift; path = ViewController.swift; sourceTree = "<group>"; };
		525878092C0E5B530056910A /* Base */ = {isa = PBXFileReference; lastKnownFileType = file.storyboard; name = Base; path = Base.lproj/Main.storyboard; sourceTree = "<group>"; };
		5258780B2C0E5B550056910A /* Assets.xcassets */ = {isa = PBXFileReference; lastKnownFileType = folder.assetcatalog; path = Assets.xcassets; sourceTree = "<group>"; };
		5258780E2C0E5B550056910A /* Base */ = {isa = PBXFileReference; lastKnownFileType = file.storyboard; name = Base; path = Base.lproj/LaunchScreen.storyboard; sourceTree = "<group>"; };
		525878102C0E5B550056910A /* Info.plist */ = {isa = PBXFileReference; lastKnownFileType = text.plist.xml; path = Info.plist; sourceTree = "<group>"; };
		526774CB2C0FB28100541705 /* CreateAppkeyResponse.swift */ = {isa = PBXFileReference; lastKnownFileType = sourcecode.swift; path = CreateAppkeyResponse.swift; sourceTree = "<group>"; };
		526774CD2C0FB2ED00541705 /* CreateOauthkeyResponse.swift */ = {isa = PBXFileReference; lastKnownFileType = sourcecode.swift; path = CreateOauthkeyResponse.swift; sourceTree = "<group>"; };
		526774D02C0FB31700541705 /* CreateSesskeyResponse.swift */ = {isa = PBXFileReference; lastKnownFileType = sourcecode.swift; path = CreateSesskeyResponse.swift; sourceTree = "<group>"; };
		526774D22C0FB32800541705 /* GetAllBooksResponse.swift */ = {isa = PBXFileReference; lastKnownFileType = sourcecode.swift; path = GetAllBooksResponse.swift; sourceTree = "<group>"; };
		526774D42C0FB33600541705 /* Book.swift */ = {isa = PBXFileReference; lastKnownFileType = sourcecode.swift; path = Book.swift; sourceTree = "<group>"; };
		526774D62C0FB3A000541705 /* ApiService.swift */ = {isa = PBXFileReference; lastKnownFileType = sourcecode.swift; path = ApiService.swift; sourceTree = "<group>"; };
		526774D82C0FC37700541705 /* APIManager.swift */ = {isa = PBXFileReference; lastKnownFileType = sourcecode.swift; path = APIManager.swift; sourceTree = "<group>"; };
		526774DB2C0FC4CB00541705 /* UIViewController+Alerts.swift */ = {isa = PBXFileReference; lastKnownFileType = sourcecode.swift; path = "UIViewController+Alerts.swift"; sourceTree = "<group>"; };
/* End PBXFileReference section */

/* Begin PBXFrameworksBuildPhase section */
		525877FC2C0E5B530056910A /* Frameworks */ = {
			isa = PBXFrameworksBuildPhase;
			buildActionMask = 2147483647;
			files = (
			);
			runOnlyForDeploymentPostprocessing = 0;
		};
/* End PBXFrameworksBuildPhase section */

/* Begin PBXGroup section */
		525877F62C0E5B530056910A = {
			isa = PBXGroup;
			children = (
				525878012C0E5B530056910A /* TimeTonicTestAPI */,
				525878002C0E5B530056910A /* Products */,
			);
			sourceTree = "<group>";
		};
		525878002C0E5B530056910A /* Products */ = {
			isa = PBXGroup;
			children = (
				525877FF2C0E5B530056910A /* TimeTonicTestAPI.app */,
			);
			name = Products;
			sourceTree = "<group>";
		};
		525878012C0E5B530056910A /* TimeTonicTestAPI */ = {
			isa = PBXGroup;
			children = (
				526774DA2C0FC4B800541705 /* Extensions */,
				526774CA2C0FB26500541705 /* ViewControllers */,
				526774C92C0FB25C00541705 /* Services */,
				526774C82C0FB25300541705 /* Models */,
				525878022C0E5B530056910A /* AppDelegate.swift */,
				525878042C0E5B530056910A /* SceneDelegate.swift */,
				525878062C0E5B530056910A /* ViewController.swift */,
				525878082C0E5B530056910A /* Main.storyboard */,
				5258780B2C0E5B550056910A /* Assets.xcassets */,
				5258780D2C0E5B550056910A /* LaunchScreen.storyboard */,
				525878102C0E5B550056910A /* Info.plist */,
			);
			path = TimeTonicTestAPI;
			sourceTree = "<group>";
		};
		526774C82C0FB25300541705 /* Models */ = {
			isa = PBXGroup;
			children = (
				526774CB2C0FB28100541705 /* CreateAppkeyResponse.swift */,
				526774CD2C0FB2ED00541705 /* CreateOauthkeyResponse.swift */,
				526774D02C0FB31700541705 /* CreateSesskeyResponse.swift */,
				526774D22C0FB32800541705 /* GetAllBooksResponse.swift */,
				526774D42C0FB33600541705 /* Book.swift */,
			);
			path = Models;
			sourceTree = "<group>";
		};
		526774C92C0FB25C00541705 /* Services */ = {
			isa = PBXGroup;
			children = (
				526774D62C0FB3A000541705 /* ApiService.swift */,
				526774D82C0FC37700541705 /* APIManager.swift */,
			);
			path = Services;
			sourceTree = "<group>";
		};
		526774CA2C0FB26500541705 /* ViewControllers */ = {
			isa = PBXGroup;
			children = (
			);
			path = ViewControllers;
			sourceTree = "<group>";
		};
		526774DA2C0FC4B800541705 /* Extensions */ = {
			isa = PBXGroup;
			children = (
				526774DB2C0FC4CB00541705 /* UIViewController+Alerts.swift */,
			);
			path = Extensions;
			sourceTree = "<group>";
		};
/* End PBXGroup section */

/* Begin PBXNativeTarget section */
		525877FE2C0E5B530056910A /* TimeTonicTestAPI */ = {
			isa = PBXNativeTarget;
			buildConfigurationList = 525878132C0E5B550056910A /* Build configuration list for PBXNativeTarget "TimeTonicTestAPI" */;
			buildPhases = (
				525877FB2C0E5B530056910A /* Sources */,
				525877FC2C0E5B530056910A /* Frameworks */,
				525877FD2C0E5B530056910A /* Resources */,
			);
			buildRules = (
			);
			dependencies = (
			);
			name = TimeTonicTestAPI;
			productName = TimeTonicTestAPI;
			productReference = 525877FF2C0E5B530056910A /* TimeTonicTestAPI.app */;
			productType = "com.apple.product-type.application";
		};
/* End PBXNativeTarget section */

/* Begin PBXProject section */
		525877F72C0E5B530056910A /* Project object */ = {
			isa = PBXProject;
			attributes = {
				BuildIndependentTargetsInParallel = 1;
				LastSwiftUpdateCheck = 1540;
				LastUpgradeCheck = 1540;
				TargetAttributes = {
					525877FE2C0E5B530056910A = {
						CreatedOnToolsVersion = 15.4;
					};
				};
			};
			buildConfigurationList = 525877FA2C0E5B530056910A /* Build configuration list for PBXProject "TimeTonicTestAPI" */;
			compatibilityVersion = "Xcode 14.0";
			developmentRegion = en;
			hasScannedForEncodings = 0;
			knownRegions = (
				en,
				Base,
			);
			mainGroup = 525877F62C0E5B530056910A;
			productRefGroup = 525878002C0E5B530056910A /* Products */;
			projectDirPath = "";
			projectRoot = "";
			targets = (
				525877FE2C0E5B530056910A /* TimeTonicTestAPI */,
			);
		};
/* End PBXProject section */

/* Begin PBXResourcesBuildPhase section */
		525877FD2C0E5B530056910A /* Resources */ = {
			isa = PBXResourcesBuildPhase;
			buildActionMask = 2147483647;
			files = (
				5258780C2C0E5B550056910A /* Assets.xcassets in Resources */,
				5258780F2C0E5B550056910A /* Base in Resources */,
				5258780A2C0E5B530056910A /* Base in Resources */,
			);
			runOnlyForDeploymentPostprocessing = 0;
		};
/* End PBXResourcesBuildPhase section */

/* Begin PBXSourcesBuildPhase section */
		525877FB2C0E5B530056910A /* Sources */ = {
			isa = PBXSourcesBuildPhase;
			buildActionMask = 2147483647;
			files = (
				526774D52C0FB33600541705 /* Book.swift in Sources */,
				526774DC2C0FC4CB00541705 /* UIViewController+Alerts.swift in Sources */,
				526774D12C0FB31700541705 /* CreateSesskeyResponse.swift in Sources */,
				526774D92C0FC37700541705 /* APIManager.swift in Sources */,
				525878072C0E5B530056910A /* ViewController.swift in Sources */,
				526774D32C0FB32800541705 /* GetAllBooksResponse.swift in Sources */,
				525878032C0E5B530056910A /* AppDelegate.swift in Sources */,
				526774D72C0FB3A000541705 /* ApiService.swift in Sources */,
				526774CC2C0FB28100541705 /* CreateAppkeyResponse.swift in Sources */,
				526774CE2C0FB2ED00541705 /* CreateOauthkeyResponse.swift in Sources */,
				525878052C0E5B530056910A /* SceneDelegate.swift in Sources */,
			);
			runOnlyForDeploymentPostprocessing = 0;
		};
/* End PBXSourcesBuildPhase section */

/* Begin PBXVariantGroup section */
		525878082C0E5B530056910A /* Main.storyboard */ = {
			isa = PBXVariantGroup;
			children = (
				525878092C0E5B530056910A /* Base */,
			);
			name = Main.storyboard;
			sourceTree = "<group>";
		};
		5258780D2C0E5B550056910A /* LaunchScreen.storyboard */ = {
			isa = PBXVariantGroup;
			children = (
				5258780E2C0E5B550056910A /* Base */,
			);
			name = LaunchScreen.storyboard;
			sourceTree = "<group>";
		};
/* End PBXVariantGroup section */

/* Begin XCBuildConfiguration section */
		525878112C0E5B550056910A /* Debug */ = {
			isa = XCBuildConfiguration;
			buildSettings = {
				ALWAYS_SEARCH_USER_PATHS = NO;
				ASSETCATALOG_COMPILER_GENERATE_SWIFT_ASSET_SYMBOL_EXTENSIONS = YES;
				CLANG_ANALYZER_NONNULL = YES;
				CLANG_ANALYZER_NUMBER_OBJECT_CONVERSION = YES_AGGRESSIVE;
				CLANG_CXX_LANGUAGE_STANDARD = "gnu++20";
				CLANG_ENABLE_MODULES = YES;
				CLANG_ENABLE_OBJC_ARC = YES;
				CLANG_ENABLE_OBJC_WEAK = YES;
				CLANG_WARN_BLOCK_CAPTURE_AUTORELEASING = YES;
				CLANG_WARN_BOOL_CONVERSION = YES;
				CLANG_WARN_COMMA = YES;
				CLANG_WARN_CONSTANT_CONVERSION = YES;
				CLANG_WARN_DEPRECATED_OBJC_IMPLEMENTATIONS = YES;
				CLANG_WARN_DIRECT_OBJC_ISA_USAGE = YES_ERROR;
				CLANG_WARN_DOCUMENTATION_COMMENTS = YES;
				CLANG_WARN_EMPTY_BODY = YES;
				CLANG_WARN_ENUM_CONVERSION = YES;
				CLANG_WARN_INFINITE_RECURSION = YES;
				CLANG_WARN_INT_CONVERSION = YES;
				CLANG_WARN_NON_LITERAL_NULL_CONVERSION = YES;
				CLANG_WARN_OBJC_IMPLICIT_RETAIN_SELF = YES;
				CLANG_WARN_OBJC_LITERAL_CONVERSION = YES;
				CLANG_WARN_OBJC_ROOT_CLASS = YES_ERROR;
				CLANG_WARN_QUOTED_INCLUDE_IN_FRAMEWORK_HEADER = YES;
				CLANG_WARN_RANGE_LOOP_ANALYSIS = YES;
				CLANG_WARN_STRICT_PROTOTYPES = YES;
				CLANG_WARN_SUSPICIOUS_MOVE = YES;
				CLANG_WARN_UNGUARDED_AVAILABILITY = YES_AGGRESSIVE;
				CLANG_WARN_UNREACHABLE_CODE = YES;
				CLANG_WARN__DUPLICATE_METHOD_MATCH = YES;
				COPY_PHASE_STRIP = NO;
				DEBUG_INFORMATION_FORMAT = dwarf;
				ENABLE_STRICT_OBJC_MSGSEND = YES;
				ENABLE_TESTABILITY = YES;
				ENABLE_USER_SCRIPT_SANDBOXING = YES;
				GCC_C_LANGUAGE_STANDARD = gnu17;
				GCC_DYNAMIC_NO_PIC = NO;
				GCC_NO_COMMON_BLOCKS = YES;
				GCC_OPTIMIZATION_LEVEL = 0;
				GCC_PREPROCESSOR_DEFINITIONS = (
					"DEBUG=1",
					"$(inherited)",
				);
				GCC_WARN_64_TO_32_BIT_CONVERSION = YES;
				GCC_WARN_ABOUT_RETURN_TYPE = YES_ERROR;
				GCC_WARN_UNDECLARED_SELECTOR = YES;
				GCC_WARN_UNINITIALIZED_AUTOS = YES_AGGRESSIVE;
				GCC_WARN_UNUSED_FUNCTION = YES;
				GCC_WARN_UNUSED_VARIABLE = YES;
				IPHONEOS_DEPLOYMENT_TARGET = 17.5;
				LOCALIZATION_PREFERS_STRING_CATALOGS = YES;
				MTL_ENABLE_DEBUG_INFO = INCLUDE_SOURCE;
				MTL_FAST_MATH = YES;
				ONLY_ACTIVE_ARCH = YES;
				SDKROOT = iphoneos;
				SWIFT_ACTIVE_COMPILATION_CONDITIONS = "DEBUG $(inherited)";
				SWIFT_OPTIMIZATION_LEVEL = "-Onone";
			};
			name = Debug;
		};
		525878122C0E5B550056910A /* Release */ = {
			isa = XCBuildConfiguration;
			buildSettings = {
				ALWAYS_SEARCH_USER_PATHS = NO;
				ASSETCATALOG_COMPILER_GENERATE_SWIFT_ASSET_SYMBOL_EXTENSIONS = YES;
				CLANG_ANALYZER_NONNULL = YES;
				CLANG_ANALYZER_NUMBER_OBJECT_CONVERSION = YES_AGGRESSIVE;
				CLANG_CXX_LANGUAGE_STANDARD = "gnu++20";
				CLANG_ENABLE_MODULES = YES;
				CLANG_ENABLE_OBJC_ARC = YES;
				CLANG_ENABLE_OBJC_WEAK = YES;
				CLANG_WARN_BLOCK_CAPTURE_AUTORELEASING = YES;
				CLANG_WARN_BOOL_CONVERSION = YES;
				CLANG_WARN_COMMA = YES;
				CLANG_WARN_CONSTANT_CONVERSION = YES;
				CLANG_WARN_DEPRECATED_OBJC_IMPLEMENTATIONS = YES;
				CLANG_WARN_DIRECT_OBJC_ISA_USAGE = YES_ERROR;
				CLANG_WARN_DOCUMENTATION_COMMENTS = YES;
				CLANG_WARN_EMPTY_BODY = YES;
				CLANG_WARN_ENUM_CONVERSION = YES;
				CLANG_WARN_INFINITE_RECURSION = YES;
				CLANG_WARN_INT_CONVERSION = YES;
				CLANG_WARN_NON_LITERAL_NULL_CONVERSION = YES;
				CLANG_WARN_OBJC_IMPLICIT_RETAIN_SELF = YES;
				CLANG_WARN_OBJC_LITERAL_CONVERSION = YES;
				CLANG_WARN_OBJC_ROOT_CLASS = YES_ERROR;
				CLANG_WARN_QUOTED_INCLUDE_IN_FRAMEWORK_HEADER = YES;
				CLANG_WARN_RANGE_LOOP_ANALYSIS = YES;
				CLANG_WARN_STRICT_PROTOTYPES = YES;
				CLANG_WARN_SUSPICIOUS_MOVE = YES;
				CLANG_WARN_UNGUARDED_AVAILABILITY = YES_AGGRESSIVE;
				CLANG_WARN_UNREACHABLE_CODE = YES;
				CLANG_WARN__DUPLICATE_METHOD_MATCH = YES;
				COPY_PHASE_STRIP = NO;
				DEBUG_INFORMATION_FORMAT = "dwarf-with-dsym";
				ENABLE_NS_ASSERTIONS = NO;
				ENABLE_STRICT_OBJC_MSGSEND = YES;
				ENABLE_USER_SCRIPT_SANDBOXING = YES;
				GCC_C_LANGUAGE_STANDARD = gnu17;
				GCC_NO_COMMON_BLOCKS = YES;
				GCC_WARN_64_TO_32_BIT_CONVERSION = YES;
				GCC_WARN_ABOUT_RETURN_TYPE = YES_ERROR;
				GCC_WARN_UNDECLARED_SELECTOR = YES;
				GCC_WARN_UNINITIALIZED_AUTOS = YES_AGGRESSIVE;
				GCC_WARN_UNUSED_FUNCTION = YES;
				GCC_WARN_UNUSED_VARIABLE = YES;
				IPHONEOS_DEPLOYMENT_TARGET = 17.5;
				LOCALIZATION_PREFERS_STRING_CATALOGS = YES;
				MTL_ENABLE_DEBUG_INFO = NO;
				MTL_FAST_MATH = YES;
				SDKROOT = iphoneos;
				SWIFT_COMPILATION_MODE = wholemodule;
				VALIDATE_PRODUCT = YES;
			};
			name = Release;
		};
		525878142C0E5B550056910A /* Debug */ = {
			isa = XCBuildConfiguration;
			buildSettings = {
				ASSETCATALOG_COMPILER_APPICON_NAME = AppIcon;
				ASSETCATALOG_COMPILER_GLOBAL_ACCENT_COLOR_NAME = AccentColor;
				CODE_SIGN_STYLE = Automatic;
				CURRENT_PROJECT_VERSION = 1;
				DEVELOPMENT_TEAM = 2D9W9FDDN6;
				GENERATE_INFOPLIST_FILE = YES;
				INFOPLIST_FILE = TimeTonicTestAPI/Info.plist;
				INFOPLIST_KEY_UIApplicationSupportsIndirectInputEvents = YES;
				INFOPLIST_KEY_UILaunchStoryboardName = LaunchScreen;
				INFOPLIST_KEY_UIMainStoryboardFile = Main;
				INFOPLIST_KEY_UISupportedInterfaceOrientations_iPad = "UIInterfaceOrientationPortrait UIInterfaceOrientationPortraitUpsideDown UIInterfaceOrientationLandscapeLeft UIInterfaceOrientationLandscapeRight";
				INFOPLIST_KEY_UISupportedInterfaceOrientations_iPhone = "UIInterfaceOrientationPortrait UIInterfaceOrientationLandscapeLeft UIInterfaceOrientationLandscapeRight";
				LD_RUNPATH_SEARCH_PATHS = (
					"$(inherited)",
					"@executable_path/Frameworks",
				);
				MARKETING_VERSION = 1.0;
				PRODUCT_BUNDLE_IDENTIFIER = co.victorcardona.TimeTonicTestAPI;
				PRODUCT_NAME = "$(TARGET_NAME)";
				SWIFT_EMIT_LOC_STRINGS = YES;
				SWIFT_VERSION = 5.0;
				TARGETED_DEVICE_FAMILY = "1,2";
			};
			name = Debug;
		};
		525878152C0E5B550056910A /* Release */ = {
			isa = XCBuildConfiguration;
			buildSettings = {
				ASSETCATALOG_COMPILER_APPICON_NAME = AppIcon;
				ASSETCATALOG_COMPILER_GLOBAL_ACCENT_COLOR_NAME = AccentColor;
				CODE_SIGN_STYLE = Automatic;
				CURRENT_PROJECT_VERSION = 1;
				DEVELOPMENT_TEAM = 2D9W9FDDN6;
				GENERATE_INFOPLIST_FILE = YES;
				INFOPLIST_FILE = TimeTonicTestAPI/Info.plist;
				INFOPLIST_KEY_UIApplicationSupportsIndirectInputEvents = YES;
				INFOPLIST_KEY_UILaunchStoryboardName = LaunchScreen;
				INFOPLIST_KEY_UIMainStoryboardFile = Main;
				INFOPLIST_KEY_UISupportedInterfaceOrientations_iPad = "UIInterfaceOrientationPortrait UIInterfaceOrientationPortraitUpsideDown UIInterfaceOrientationLandscapeLeft UIInterfaceOrientationLandscapeRight";
				INFOPLIST_KEY_UISupportedInterfaceOrientations_iPhone = "UIInterfaceOrientationPortrait UIInterfaceOrientationLandscapeLeft UIInterfaceOrientationLandscapeRight";
				LD_RUNPATH_SEARCH_PATHS = (
					"$(inherited)",
					"@executable_path/Frameworks",
				);
				MARKETING_VERSION = 1.0;
				PRODUCT_BUNDLE_IDENTIFIER = co.victorcardona.TimeTonicTestAPI;
				PRODUCT_NAME = "$(TARGET_NAME)";
				SWIFT_EMIT_LOC_STRINGS = YES;
				SWIFT_VERSION = 5.0;
				TARGETED_DEVICE_FAMILY = "1,2";
			};
			name = Release;
		};
/* End XCBuildConfiguration section */

/* Begin XCConfigurationList section */
		525877FA2C0E5B530056910A /* Build configuration list for PBXProject "TimeTonicTestAPI" */ = {
			isa = XCConfigurationList;
			buildConfigurations = (
				525878112C0E5B550056910A /* Debug */,
				525878122C0E5B550056910A /* Release */,
			);
			defaultConfigurationIsVisible = 0;
			defaultConfigurationName = Release;
		};
		525878132C0E5B550056910A /* Build configuration list for PBXNativeTarget "TimeTonicTestAPI" */ = {
			isa = XCConfigurationList;
			buildConfigurations = (
				525878142C0E5B550056910A /* Debug */,
				525878152C0E5B550056910A /* Release */,
			);
			defaultConfigurationIsVisible = 0;
			defaultConfigurationName = Release;
		};
/* End XCConfigurationList section */
	};
	rootObject = 525877F72C0E5B530056910A /* Project object */;
}
